// !$*UTF8*$!
{
	archiveVersion = 1;
	classes = {
	};
	objectVersion = 46;
	objects = {

/* Begin PBXBuildFile section */
		B0C0BB54133EFAA000A68E0D /* Cocoa.framework in Frameworks */ = {isa = PBXBuildFile; fileRef = B0C0BB53133EFAA000A68E0D /* Cocoa.framework */; };
		B0C0BB5E133EFAA000A68E0D /* InfoPlist.strings in Resources */ = {isa = PBXBuildFile; fileRef = B0C0BB5C133EFAA000A68E0D /* InfoPlist.strings */; };
		B0C0BB61133EFAA000A68E0D /* main.m in Sources */ = {isa = PBXBuildFile; fileRef = B0C0BB60133EFAA000A68E0D /* main.m */; };
		B0C0BB64133EFAA000A68E0D /* Credits.rtf in Resources */ = {isa = PBXBuildFile; fileRef = B0C0BB62133EFAA000A68E0D /* Credits.rtf */; };
		B0C0BB67133EFAA000A68E0D /* HelloAppDelegate.m in Sources */ = {isa = PBXBuildFile; fileRef = B0C0BB66133EFAA000A68E0D /* HelloAppDelegate.m */; };
		B0C0BB6A133EFAA000A68E0D /* MainMenu.xib in Resources */ = {isa = PBXBuildFile; fileRef = B0C0BB68133EFAA000A68E0D /* MainMenu.xib */; };
/* End PBXBuildFile section */

/* Begin PBXFileReference section */
		B0C0BB4F133EFAA000A68E0D /* Hello.app */ = {isa = PBXFileReference; explicitFileType = wrapper.application; includeInIndex = 0; path = Hello.app; sourceTree = BUILT_PRODUCTS_DIR; };
		B0C0BB53133EFAA000A68E0D /* Cocoa.framework */ = {isa = PBXFileReference; lastKnownFileType = wrapper.framework; name = Cocoa.framework; path = System/Library/Frameworks/Cocoa.framework; sourceTree = SDKROOT; };
		B0C0BB56133EFAA000A68E0D /* AppKit.framework */ = {isa = PBXFileReference; lastKnownFileType = wrapper.framework; name = AppKit.framework; path = System/Library/Frameworks/AppKit.framework; sourceTree = SDKROOT; };
		B0C0BB57133EFAA000A68E0D /* CoreData.framework */ = {isa = PBXFileReference; lastKnownFileType = wrapper.framework; name = CoreData.framework; path = System/Library/Frameworks/CoreData.framework; sourceTree = SDKROOT; };
		B0C0BB58133EFAA000A68E0D /* Foundation.framework */ = {isa = PBXFileReference; lastKnownFileType = wrapper.framework; name = Foundation.framework; path = System/Library/Frameworks/Foundation.framework; sourceTree = SDKROOT; };
		B0C0BB5B133EFAA000A68E0D /* Hello-Info.plist */ = {isa = PBXFileReference; path = "Hello-Info.plist"; sourceTree = "<group>"; };
		B0C0BB5D133EFAA000A68E0D /* en */ = {isa = PBXFileReference; lastKnownFileType = text.plist.strings; name = en; path = en.lproj/InfoPlist.strings; sourceTree = "<group>"; };
		B0C0BB5F133EFAA000A68E0D /* Hello-Prefix.pch */ = {isa = PBXFileReference; path = "Hello-Prefix.pch"; sourceTree = "<group>"; };
		B0C0BB60133EFAA000A68E0D /* main.m */ = {isa = PBXFileReference; lastKnownFileType = sourcecode.c.objc; path = main.m; sourceTree = "<group>"; };
		B0C0BB63133EFAA000A68E0D /* en */ = {isa = PBXFileReference; lastKnownFileType = text.rtf; name = en; path = en.lproj/Credits.rtf; sourceTree = "<group>"; };
		B0C0BB65133EFAA000A68E0D /* HelloAppDelegate.h */ = {isa = PBXFileReference; path = HelloAppDelegate.h; sourceTree = "<group>"; };
		B0C0BB66133EFAA000A68E0D /* HelloAppDelegate.m */ = {isa = PBXFileReference; lastKnownFileType = sourcecode.c.objc; path = HelloAppDelegate.m; sourceTree = "<group>"; };
		B0C0BB69133EFAA000A68E0D /* en */ = {isa = PBXFileReference; lastKnownFileType = file.xib; name = en; path = en.lproj/MainMenu.xib; sourceTree = "<group>"; };
/* End PBXFileReference section */

/* Begin PBXFrameworksBuildPhase section */
		B0C0BB4C133EFAA000A68E0D /* Frameworks */ = {
			isa = PBXFrameworksBuildPhase;
			buildActionMask = 2147483647;
			files = (
				B0C0BB54133EFAA000A68E0D /* Cocoa.framework in Frameworks */,
			);
			runOnlyForDeploymentPostprocessing = 0;
		};
/* End PBXFrameworksBuildPhase section */

/* Begin PBXGroup section */
		B0C0BB44133EFAA000A68E0D = {
			isa = PBXGroup;
			children = (
				B0C0BB59133EFAA000A68E0D /* Hello */,
				B0C0BB52133EFAA000A68E0D /* Frameworks */,
				B0C0BB50133EFAA000A68E0D /* Products */,
			);
			sourceTree = "<group>";
		};
		B0C0BB50133EFAA000A68E0D /* Products */ = {
			isa = PBXGroup;
			children = (
				B0C0BB4F133EFAA000A68E0D /* Hello.app */,
			);
			name = Products;
			sourceTree = "<group>";
		};
		B0C0BB52133EFAA000A68E0D /* Frameworks */ = {
			isa = PBXGroup;
			children = (
				B0C0BB53133EFAA000A68E0D /* Cocoa.framework */,
				B0C0BB55133EFAA000A68E0D /* Other Frameworks */,
			);
			name = Frameworks;
			sourceTree = "<group>";
		};
		B0C0BB55133EFAA000A68E0D /* Other Frameworks */ = {
			isa = PBXGroup;
			children = (
				B0C0BB56133EFAA000A68E0D /* AppKit.framework */,
				B0C0BB57133EFAA000A68E0D /* CoreData.framework */,
				B0C0BB58133EFAA000A68E0D /* Foundation.framework */,
			);
			name = "Other Frameworks";
			sourceTree = "<group>";
		};
		B0C0BB59133EFAA000A68E0D /* Hello */ = {
			isa = PBXGroup;
			children = (
				B0C0BB65133EFAA000A68E0D /* HelloAppDelegate.h */,
				B0C0BB66133EFAA000A68E0D /* HelloAppDelegate.m */,
				B0C0BB68133EFAA000A68E0D /* MainMenu.xib */,
				B0C0BB5A133EFAA000A68E0D /* Supporting Files */,
			);
			path = Hello;
			sourceTree = "<group>";
		};
		B0C0BB5A133EFAA000A68E0D /* Supporting Files */ = {
			isa = PBXGroup;
			children = (
				B0C0BB5B133EFAA000A68E0D /* Hello-Info.plist */,
				B0C0BB5C133EFAA000A68E0D /* InfoPlist.strings */,
				B0C0BB5F133EFAA000A68E0D /* Hello-Prefix.pch */,
				B0C0BB60133EFAA000A68E0D /* main.m */,
				B0C0BB62133EFAA000A68E0D /* Credits.rtf */,
			);
			name = "Supporting Files";
			sourceTree = "<group>";
		};
/* End PBXGroup section */

/* Begin PBXNativeTarget section */
		B0C0BB4E133EFAA000A68E0D /* Hello */ = {
			isa = PBXNativeTarget;
			buildConfigurationList = B0C0BB6D133EFAA000A68E0D /* Build configuration list for PBXNativeTarget "Hello" */;
			buildPhases = (
				B0C0BB4B133EFAA000A68E0D /* Sources */,
				B0C0BB4C133EFAA000A68E0D /* Frameworks */,
				B0C0BB4D133EFAA000A68E0D /* Resources */,
			);
			buildRules = (
			);
			dependencies = (
			);
			name = Hello;
			productName = Hello;
			productReference = B0C0BB4F133EFAA000A68E0D /* Hello.app */;
			productType = "com.apple.product-type.application";
		};
/* End PBXNativeTarget section */

/* Begin PBXProject section */
		B0C0BB46133EFAA000A68E0D /* Project object */ = {
			isa = PBXProject;
			attributes = {
				ORGANIZATIONNAME = BYU;
			};
			buildConfigurationList = B0C0BB49133EFAA000A68E0D /* Build configuration list for PBXProject "Hello" */;
			compatibilityVersion = "Xcode 3.2";
			developmentRegion = English;
			hasScannedForEncodings = 0;
			knownRegions = (
				en,
			);
			mainGroup = B0C0BB44133EFAA000A68E0D;
			productRefGroup = B0C0BB50133EFAA000A68E0D /* Products */;
			projectDirPath = "";
			projectRoot = "";
			targets = (
				B0C0BB4E133EFAA000A68E0D /* Hello */,
			);
		};
/* End PBXProject section */

/* Begin PBXResourcesBuildPhase section */
		B0C0BB4D133EFAA000A68E0D /* Resources */ = {
			isa = PBXResourcesBuildPhase;
			buildActionMask = 2147483647;
			files = (
				B0C0BB5E133EFAA000A68E0D /* InfoPlist.strings in Resources */,
				B0C0BB64133EFAA000A68E0D /* Credits.rtf in Resources */,
				B0C0BB6A133EFAA000A68E0D /* MainMenu.xib in Resources */,
			);
			runOnlyForDeploymentPostprocessing = 0;
		};
/* End PBXResourcesBuildPhase section */

/* Begin PBXSourcesBuildPhase section */
		B0C0BB4B133EFAA000A68E0D /* Sources */ = {
			isa = PBXSourcesBuildPhase;
			buildActionMask = 2147483647;
			files = (
				B0C0BB61133EFAA000A68E0D /* main.m in Sources */,
				B0C0BB67133EFAA000A68E0D /* HelloAppDelegate.m in Sources */,
			);
			runOnlyForDeploymentPostprocessing = 0;
		};
/* End PBXSourcesBuildPhase section */

/* Begin PBXVariantGroup section */
		B0C0BB5C133EFAA000A68E0D /* InfoPlist.strings */ = {
			isa = PBXVariantGroup;
			children = (
				B0C0BB5D133EFAA000A68E0D /* en */,
			);
			name = InfoPlist.strings;
			sourceTree = "<group>";
		};
		B0C0BB62133EFAA000A68E0D /* Credits.rtf */ = {
			isa = PBXVariantGroup;
			children = (
				B0C0BB63133EFAA000A68E0D /* en */,
			);
			name = Credits.rtf;
			sourceTree = "<group>";
		};
		B0C0BB68133EFAA000A68E0D /* MainMenu.xib */ = {
			isa = PBXVariantGroup;
			children = (
				B0C0BB69133EFAA000A68E0D /* en */,
			);
			name = MainMenu.xib;
			sourceTree = "<group>";
		};
/* End PBXVariantGroup section */

/* Begin XCBuildConfiguration section */
		B0C0BB6B133EFAA000A68E0D /* Debug */ = {
			isa = XCBuildConfiguration;
			buildSettings = {
				ARCHS = "$(ARCHS_STANDARD_32_64_BIT)";
				GCC_C_LANGUAGE_STANDARD = gnu99;
				GCC_OPTIMIZATION_LEVEL = 0;
				GCC_PREPROCESSOR_DEFINITIONS = DEBUG;
				GCC_SYMBOLS_PRIVATE_EXTERN = NO;
				GCC_VERSION = com.apple.compilers.llvm.clang.1_0;
				GCC_WARN_64_TO_32_BIT_CONVERSION = YES;
				GCC_WARN_ABOUT_RETURN_TYPE = YES;
				GCC_WARN_UNUSED_VARIABLE = YES;
				MACOSX_DEPLOYMENT_TARGET = 10.6;
				ONLY_ACTIVE_ARCH = YES;
				SDKROOT = macosx;
			};
			name = Debug;
		};
		B0C0BB6C133EFAA000A68E0D /* Release */ = {
			isa = XCBuildConfiguration;
			buildSettings = {
				ARCHS = "$(ARCHS_STANDARD_32_64_BIT)";
				GCC_C_LANGUAGE_STANDARD = gnu99;
				GCC_VERSION = com.apple.compilers.llvm.clang.1_0;
				GCC_WARN_64_TO_32_BIT_CONVERSION = YES;
				GCC_WARN_ABOUT_RETURN_TYPE = YES;
				GCC_WARN_UNUSED_VARIABLE = YES;
				MACOSX_DEPLOYMENT_TARGET = 10.6;
				SDKROOT = macosx;
			};
			name = Release;
		};
		B0C0BB6E133EFAA000A68E0D /* Debug */ = {
			isa = XCBuildConfiguration;
			buildSettings = {
				ALWAYS_SEARCH_USER_PATHS = NO;
				COPY_PHASE_STRIP = NO;
				GCC_DYNAMIC_NO_PIC = NO;
				GCC_ENABLE_OBJC_EXCEPTIONS = YES;
				GCC_PRECOMPILE_PREFIX_HEADER = YES;
				GCC_PREFIX_HEADER = "Hello/Hello-Prefix.pch";
				INFOPLIST_FILE = "Hello/Hello-Info.plist";
				PRODUCT_NAME = "$(TARGET_NAME)";
				WRAPPER_EXTENSION = app;
			};
			name = Debug;
		};
		B0C0BB6F133EFAA000A68E0D /* Release */ = {
			isa = XCBuildConfiguration;
			buildSettings = {
				ALWAYS_SEARCH_USER_PATHS = NO;
				COPY_PHASE_STRIP = YES;
				DEBUG_INFORMATION_FORMAT = "dwarf-with-dsym";
				GCC_ENABLE_OBJC_EXCEPTIONS = YES;
				GCC_PRECOMPILE_PREFIX_HEADER = YES;
				GCC_PREFIX_HEADER = "Hello/Hello-Prefix.pch";
				INFOPLIST_FILE = "Hello/Hello-Info.plist";
				PRODUCT_NAME = "$(TARGET_NAME)";
				WRAPPER_EXTENSION = app;
			};
			name = Release;
		};
/* End XCBuildConfiguration section */

/* Begin XCConfigurationList section */
		B0C0BB49133EFAA000A68E0D /* Build configuration list for PBXProject "Hello" */ = {
			isa = XCConfigurationList;
			buildConfigurations = (
				B0C0BB6B133EFAA000A68E0D /* Debug */,
				B0C0BB6C133EFAA000A68E0D /* Release */,
			);
			defaultConfigurationIsVisible = 0;
			defaultConfigurationName = Release;
		};
		B0C0BB6D133EFAA000A68E0D /* Build configuration list for PBXNativeTarget "Hello" */ = {
			isa = XCConfigurationList;
			buildConfigurations = (
				B0C0BB6E133EFAA000A68E0D /* Debug */,
				B0C0BB6F133EFAA000A68E0D /* Release */,
			);
			defaultConfigurationIsVisible = 0;
		};
/* End XCConfigurationList section */
	};
	rootObject = B0C0BB46133EFAA000A68E0D /* Project object */;
}
